{
  "name": "DeepskyLog",
  "lockfileVersion": 3,
  "requires": true,
  "packages": {
    "": {
      "dependencies": {
        "leaflet-control-geocoder": "^3.2.1"
      }
    },
    "node_modules/leaflet": {
      "version": "1.9.4",
      "resolved": "https://registry.npmjs.org/leaflet/-/leaflet-1.9.4.tgz",
      "integrity": "sha512-nxS1ynzJOmOlHp+iL3FyWqK89GtNL8U8rvlMOsQdTTssxZwCXh8N2NB3GDQOL+YR3XnWyZAxwQixURb+FA74PA==",
      "license": "BSD-2-Clause",
      "peer": true
    },
    "node_modules/leaflet-control-geocoder": {
      "version": "3.2.1",
      "resolved": "https://registry.npmjs.org/leaflet-control-geocoder/-/leaflet-control-geocoder-3.2.1.tgz",
      "integrity": "sha512-TbKmp6GuPC+W6lM6N1u8NZwXFEL8sX2d15ywLsLGXWylVtEoCwz0vu6mT9gR3XDPr/IWQnIAst6eQ9qacBYqkQ==",
      "license": "BSD-2-Clause",
      "optionalDependencies": {
        "open-location-code": "^1.0.3"
      },
      "peerDependencies": {
        "leaflet": "^1.6.0 || ^2.0.0"
      }
    },
    "node_modules/open-location-code": {
      "version": "1.0.3",
      "resolved": "https://registry.npmjs.org/open-location-code/-/open-location-code-1.0.3.tgz",
      "integrity": "sha512-DBm14BSn40Ee241n80zIFXIT6+y8Tb0I+jTdosLJ8Sidvr2qONvymwqymVbHV2nS+1gkDZ5eTNpnOIVV0Kn2fw==",
      "license": "Apache-2.0",
      "optional": true
    }
  }
}
